{
  "version": 4,
  "terraform_version": "1.14.2",
  "serial": 76,
  "lineage": "34fb3096-40b0-0f35-5b68-be3c55b74098",
  "outputs": {
    "public_ipv4": {
      "value": {
        "node1": "172.236.117.65",
        "node2": "172.236.117.38",
        "node3": "172.236.117.24",
        "node4": "172.236.117.34"
      },
      "type": [
        "object",
        {
          "node1": "string",
          "node2": "string",
          "node3": "string",
          "node4": "string"
        }
      ]
    },
    "subnets": {
      "value": {
        "node1": "10.0.1.0/24",
        "node2": "10.0.2.0/24",
        "node3": "10.0.3.0/24",
        "node4": "10.0.4.0/24"
      },
      "type": [
        "object",
        {
          "node1": "string",
          "node2": "string",
          "node3": "string",
          "node4": "string"
        }
      ]
    },
    "vpc_ipv4": {
      "value": {
        "node1": "10.0.1.10",
        "node2": "10.0.2.10",
        "node3": "10.0.3.10",
        "node4": "10.0.4.10"
      },
      "type": [
        "object",
        {
          "node1": "string",
          "node2": "string",
          "node3": "string",
          "node4": "string"
        }
      ]
    }
  },
  "resources": [
    {
      "mode": "managed",
      "type": "linode_instance",
      "name": "vm",
      "provider": "provider[\"registry.terraform.io/linode/linode\"]",
      "instances": [
        {
          "index_key": "node1",
          "schema_version": 0,
          "attributes": {
            "alerts": [
              {
                "cpu": 90,
                "io": 10000,
                "network_in": 10,
                "network_out": 10,
                "transfer_quota": 80
              }
            ],
            "authorized_keys": [
              "ssh-ed25519 AAAAC3NzaC1lZDI1NTE5AAAAIEG9RbwuTH4qcTayMTrQRusvubssiQSr6atOcRG1TWW9 raffi@Raffis-MBP"
            ],
            "authorized_users": null,
            "backup_id": null,
            "backups": [
              {
                "available": false,
                "enabled": false,
                "schedule": [
                  {
                    "day": "",
                    "window": ""
                  }
                ]
              }
            ],
            "backups_enabled": false,
            "boot_config_label": "My Debian 12 Disk Profile",
            "booted": true,
            "capabilities": [
              "Block Storage Encryption",
              "SMTP Enabled"
            ],
            "config": [
              {
                "comments": "",
                "devices": [
                  {
                    "sda": [
                      {
                        "disk_id": 168931873,
                        "disk_label": "Debian 12 Disk",
                        "volume_id": 0
                      }
                    ],
                    "sdb": [
                      {
                        "disk_id": 168931875,
                        "disk_label": "512 MB Swap Image",
                        "volume_id": 0
                      }
                    ],
                    "sdc": [],
                    "sdd": [],
                    "sde": [],
                    "sdf": [],
                    "sdg": [],
                    "sdh": []
                  }
                ],
                "helpers": [
                  {
                    "devtmpfs_automount": true,
                    "distro": true,
                    "modules_dep": true,
                    "network": true,
                    "updatedb_disabled": true
                  }
                ],
                "id": 92198369,
                "interface": [
                  {
                    "active": true,
                    "id": 9314949,
                    "ip_ranges": [],
                    "ipam_address": "",
                    "ipv4": [],
                    "ipv6": [],
                    "label": "",
                    "primary": true,
                    "purpose": "public",
                    "subnet_id": 0,
                    "vpc_id": 0
                  },
                  {
                    "active": true,
                    "id": 9314950,
                    "ip_ranges": [],
                    "ipam_address": "",
                    "ipv4": [
                      {
                        "nat_1_1": "",
                        "vpc": "10.0.1.10"
                      }
                    ],
                    "ipv6": [],
                    "label": "",
                    "primary": false,
                    "purpose": "vpc",
                    "subnet_id": 348505,
                    "vpc_id": 316861
                  }
                ],
                "kernel": "linode/grub2",
                "label": "My Debian 12 Disk Profile",
                "memory_limit": 0,
                "root_device": "/dev/sda",
                "run_level": "default",
                "virt_mode": "paravirt"
              }
            ],
            "disk": [
              {
                "authorized_keys": [],
                "authorized_users": [],
                "filesystem": "ext4",
                "id": 168931873,
                "image": "",
                "label": "Debian 12 Disk",
                "read_only": false,
                "root_pass": "",
                "size": 25088,
                "stackscript_data": {},
                "stackscript_id": 0
              },
              {
                "authorized_keys": [],
                "authorized_users": [],
                "filesystem": "swap",
                "id": 168931875,
                "image": "",
                "label": "512 MB Swap Image",
                "read_only": false,
                "root_pass": "",
                "size": 512,
                "stackscript_data": {},
                "stackscript_id": 0
              }
            ],
            "disk_encryption": "enabled",
            "firewall_id": null,
            "group": "",
            "has_user_data": true,
            "host_uuid": "0af5eee38ef615d29dac0066ade374d1324884af",
            "id": "88694075",
            "image": "linode/debian12",
            "interface": [
              {
                "active": true,
                "id": 9314949,
                "ip_ranges": null,
                "ipam_address": "",
                "ipv4": [],
                "ipv6": [],
                "label": "",
                "primary": true,
                "purpose": "public",
                "subnet_id": 0,
                "vpc_id": 0
              },
              {
                "active": true,
                "id": 9314950,
                "ip_ranges": null,
                "ipam_address": "",
                "ipv4": [
                  {
                    "nat_1_1": "",
                    "vpc": "10.0.1.10"
                  }
                ],
                "ipv6": [],
                "label": "",
                "primary": false,
                "purpose": "vpc",
                "subnet_id": 348505,
                "vpc_id": 316861
              }
            ],
            "interface_generation": "",
            "ip_address": "172.236.117.65",
            "ipv4": [
              "172.236.117.65"
            ],
            "ipv6": "2600:3c06::2000:c9ff:fe37:1c98/128",
            "label": "node1",
            "lke_cluster_id": 0,
            "maintenance_policy": "",
            "metadata": [
              {
                "user_data": "I2Nsb3VkLWNvbmZpZwpzc2hfcHdhdXRoOiB0cnVlCgpjaHBhc3N3ZDoKICBleHBpcmU6IGZhbHNlCiAgdXNlcnM6CiAgICAtIG5hbWU6IHJvb3QKICAgICAgcGFzc3dvcmQ6IFRoZVJlYWxQYXNzd29yZFRoZVdob2xlVGltZTIwMjUhIQogICAgICB0eXBlOiB0ZXh0CgpydW5jbWQ6CiAgLSBzZWQgLWkgJ3MvXiNcP1Bhc3N3b3JkQXV0aGVudGljYXRpb24uKi9QYXNzd29yZEF1dGhlbnRpY2F0aW9uIHllcy8nIC9ldGMvc3NoL3NzaGRfY29uZmlnCiAgLSBzZWQgLWkgJ3MvXiNcP1Blcm1pdFJvb3RMb2dpbi4qL1Blcm1pdFJvb3RMb2dpbiB5ZXMvJyAvZXRjL3NzaC9zc2hkX2NvbmZpZwogIC0gc3lzdGVtY3RsIHJlc3RhcnQgc3NoCg=="
              }
            ],
            "migration_type": "cold",
            "network_helper": null,
            "placement_group": [],
            "placement_group_externally_managed": null,
            "private_ip": false,
            "private_ip_address": null,
            "region": "us-ord",
            "resize_disk": false,
            "root_pass": "r0+Pq8HFVqXZbjAMcgzkVQ+ntNWn6CArhVKGCrl0iJnJiiZL8xMutaPFFy9LZ4ANuIgYVwoLHkEnrLES7Z3COA==",
            "shared_ipv4": [],
            "specs": [
              {
                "accelerated_devices": 0,
                "disk": 25600,
                "gpus": 0,
                "memory": 1024,
                "transfer": 1000,
                "vcpus": 1
              }
            ],
            "stackscript_data": null,
            "stackscript_id": null,
            "status": "running",
            "swap_size": 512,
            "tags": [
              "lab",
              "node1",
              "terraform"
            ],
            "timeouts": null,
            "type": "g6-nanode-1",
            "watchdog_enabled": true
          },
          "sensitive_attributes": [
            [
              {
                "type": "get_attr",
                "value": "disk"
              },
              {
                "type": "index",
                "value": {
                  "value": 0,
                  "type": "number"
                }
              },
              {
                "type": "get_attr",
                "value": "root_pass"
              }
            ],
            [
              {
                "type": "get_attr",
                "value": "disk"
              },
              {
                "type": "index",
                "value": {
                  "value": 0,
                  "type": "number"
                }
              },
              {
                "type": "get_attr",
                "value": "stackscript_data"
              }
            ],
            [
              {
                "type": "get_attr",
                "value": "disk"
              },
              {
                "type": "index",
                "value": {
                  "value": 1,
                  "type": "number"
                }
              },
              {
                "type": "get_attr",
                "value": "root_pass"
              }
            ],
            [
              {
                "type": "get_attr",
                "value": "disk"
              },
              {
                "type": "index",
                "value": {
                  "value": 1,
                  "type": "number"
                }
              },
              {
                "type": "get_attr",
                "value": "stackscript_data"
              }
            ],
            [
              {
                "type": "get_attr",
                "value": "metadata"
              },
              {
                "type": "index",
                "value": {
                  "value": 0,
                  "type": "number"
                }
              },
              {
                "type": "get_attr",
                "value": "user_data"
              }
            ],
            [
              {
                "type": "get_attr",
                "value": "root_pass"
              }
            ],
            [
              {
                "type": "get_attr",
                "value": "stackscript_data"
              }
            ]
          ],
          "identity_schema_version": 0,
          "private": "eyJlMmJmYjczMC1lY2FhLTExZTYtOGY4OC0zNDM2M2JjN2M0YzAiOnsiY3JlYXRlIjo5MDAwMDAwMDAwMDAsImRlbGV0ZSI6NjAwMDAwMDAwMDAwLCJ1cGRhdGUiOjM2MDAwMDAwMDAwMDB9fQ==",
          "dependencies": [
            "linode_vpc.lab",
            "linode_vpc_subnet.subnet"
          ]
        },
        {
          "index_key": "node2",
          "schema_version": 0,
          "attributes": {
            "alerts": [
              {
                "cpu": 90,
                "io": 10000,
                "network_in": 10,
                "network_out": 10,
                "transfer_quota": 80
              }
            ],
            "authorized_keys": [
              "ssh-ed25519 AAAAC3NzaC1lZDI1NTE5AAAAIEG9RbwuTH4qcTayMTrQRusvubssiQSr6atOcRG1TWW9 raffi@Raffis-MBP"
            ],
            "authorized_users": null,
            "backup_id": null,
            "backups": [
              {
                "available": false,
                "enabled": false,
                "schedule": [
                  {
                    "day": "",
                    "window": ""
                  }
                ]
              }
            ],
            "backups_enabled": false,
            "boot_config_label": "My Debian 12 Disk Profile",
            "booted": true,
            "capabilities": [
              "Block Storage Encryption",
              "SMTP Enabled"
            ],
            "config": [
              {
                "comments": "",
                "devices": [
                  {
                    "sda": [
                      {
                        "disk_id": 168931869,
                        "disk_label": "Debian 12 Disk",
                        "volume_id": 0
                      }
                    ],
                    "sdb": [
                      {
                        "disk_id": 168931871,
                        "disk_label": "512 MB Swap Image",
                        "volume_id": 0
                      }
                    ],
                    "sdc": [],
                    "sdd": [],
                    "sde": [],
                    "sdf": [],
                    "sdg": [],
                    "sdh": []
                  }
                ],
                "helpers": [
                  {
                    "devtmpfs_automount": true,
                    "distro": true,
                    "modules_dep": true,
                    "network": true,
                    "updatedb_disabled": true
                  }
                ],
                "id": 92198367,
                "interface": [
                  {
                    "active": true,
                    "id": 9314945,
                    "ip_ranges": [],
                    "ipam_address": "",
                    "ipv4": [],
                    "ipv6": [],
                    "label": "",
                    "primary": true,
                    "purpose": "public",
                    "subnet_id": 0,
                    "vpc_id": 0
                  },
                  {
                    "active": true,
                    "id": 9314946,
                    "ip_ranges": [],
                    "ipam_address": "",
                    "ipv4": [
                      {
                        "nat_1_1": "",
                        "vpc": "10.0.2.10"
                      }
                    ],
                    "ipv6": [],
                    "label": "",
                    "primary": false,
                    "purpose": "vpc",
                    "subnet_id": 348504,
                    "vpc_id": 316861
                  }
                ],
                "kernel": "linode/grub2",
                "label": "My Debian 12 Disk Profile",
                "memory_limit": 0,
                "root_device": "/dev/sda",
                "run_level": "default",
                "virt_mode": "paravirt"
              }
            ],
            "disk": [
              {
                "authorized_keys": [],
                "authorized_users": [],
                "filesystem": "ext4",
                "id": 168931869,
                "image": "",
                "label": "Debian 12 Disk",
                "read_only": false,
                "root_pass": "",
                "size": 25088,
                "stackscript_data": {},
                "stackscript_id": 0
              },
              {
                "authorized_keys": [],
                "authorized_users": [],
                "filesystem": "swap",
                "id": 168931871,
                "image": "",
                "label": "512 MB Swap Image",
                "read_only": false,
                "root_pass": "",
                "size": 512,
                "stackscript_data": {},
                "stackscript_id": 0
              }
            ],
            "disk_encryption": "enabled",
            "firewall_id": null,
            "group": "",
            "has_user_data": true,
            "host_uuid": "f5cf3e3c183b6d2ca6f5b01c48315ff95d25c9ad",
            "id": "88694073",
            "image": "linode/debian12",
            "interface": [
              {
                "active": true,
                "id": 9314945,
                "ip_ranges": null,
                "ipam_address": "",
                "ipv4": [],
                "ipv6": [],
                "label": "",
                "primary": true,
                "purpose": "public",
                "subnet_id": 0,
                "vpc_id": 0
              },
              {
                "active": true,
                "id": 9314946,
                "ip_ranges": null,
                "ipam_address": "",
                "ipv4": [
                  {
                    "nat_1_1": "",
                    "vpc": "10.0.2.10"
                  }
                ],
                "ipv6": [],
                "label": "",
                "primary": false,
                "purpose": "vpc",
                "subnet_id": 348504,
                "vpc_id": 316861
              }
            ],
            "interface_generation": "",
            "ip_address": "172.236.117.38",
            "ipv4": [
              "172.236.117.38"
            ],
            "ipv6": "2600:3c06::2000:8dff:fea5:4efc/128",
            "label": "node2",
            "lke_cluster_id": 0,
            "maintenance_policy": "",
            "metadata": [
              {
                "user_data": "I2Nsb3VkLWNvbmZpZwpzc2hfcHdhdXRoOiB0cnVlCgpjaHBhc3N3ZDoKICBleHBpcmU6IGZhbHNlCiAgdXNlcnM6CiAgICAtIG5hbWU6IHJvb3QKICAgICAgcGFzc3dvcmQ6IFRoZVJlYWxQYXNzd29yZFRoZVdob2xlVGltZTIwMjUhIQogICAgICB0eXBlOiB0ZXh0CgpydW5jbWQ6CiAgLSBzZWQgLWkgJ3MvXiNcP1Bhc3N3b3JkQXV0aGVudGljYXRpb24uKi9QYXNzd29yZEF1dGhlbnRpY2F0aW9uIHllcy8nIC9ldGMvc3NoL3NzaGRfY29uZmlnCiAgLSBzZWQgLWkgJ3MvXiNcP1Blcm1pdFJvb3RMb2dpbi4qL1Blcm1pdFJvb3RMb2dpbiB5ZXMvJyAvZXRjL3NzaC9zc2hkX2NvbmZpZwogIC0gc3lzdGVtY3RsIHJlc3RhcnQgc3NoCg=="
              }
            ],
            "migration_type": "cold",
            "network_helper": null,
            "placement_group": [],
            "placement_group_externally_managed": null,
            "private_ip": false,
            "private_ip_address": null,
            "region": "us-ord",
            "resize_disk": false,
            "root_pass": "r0+Pq8HFVqXZbjAMcgzkVQ+ntNWn6CArhVKGCrl0iJnJiiZL8xMutaPFFy9LZ4ANuIgYVwoLHkEnrLES7Z3COA==",
            "shared_ipv4": [],
            "specs": [
              {
                "accelerated_devices": 0,
                "disk": 25600,
                "gpus": 0,
                "memory": 1024,
                "transfer": 1000,
                "vcpus": 1
              }
            ],
            "stackscript_data": null,
            "stackscript_id": null,
            "status": "running",
            "swap_size": 512,
            "tags": [
              "lab",
              "node2",
              "terraform"
            ],
            "timeouts": null,
            "type": "g6-nanode-1",
            "watchdog_enabled": true
          },
          "sensitive_attributes": [
            [
              {
                "type": "get_attr",
                "value": "disk"
              },
              {
                "type": "index",
                "value": {
                  "value": 0,
                  "type": "number"
                }
              },
              {
                "type": "get_attr",
                "value": "root_pass"
              }
            ],
            [
              {
                "type": "get_attr",
                "value": "disk"
              },
              {
                "type": "index",
                "value": {
                  "value": 0,
                  "type": "number"
                }
              },
              {
                "type": "get_attr",
                "value": "stackscript_data"
              }
            ],
            [
              {
                "type": "get_attr",
                "value": "disk"
              },
              {
                "type": "index",
                "value": {
                  "value": 1,
                  "type": "number"
                }
              },
              {
                "type": "get_attr",
                "value": "root_pass"
              }
            ],
            [
              {
                "type": "get_attr",
                "value": "disk"
              },
              {
                "type": "index",
                "value": {
                  "value": 1,
                  "type": "number"
                }
              },
              {
                "type": "get_attr",
                "value": "stackscript_data"
              }
            ],
            [
              {
                "type": "get_attr",
                "value": "metadata"
              },
              {
                "type": "index",
                "value": {
                  "value": 0,
                  "type": "number"
                }
              },
              {
                "type": "get_attr",
                "value": "user_data"
              }
            ],
            [
              {
                "type": "get_attr",
                "value": "root_pass"
              }
            ],
            [
              {
                "type": "get_attr",
                "value": "stackscript_data"
              }
            ]
          ],
          "identity_schema_version": 0,
          "private": "eyJlMmJmYjczMC1lY2FhLTExZTYtOGY4OC0zNDM2M2JjN2M0YzAiOnsiY3JlYXRlIjo5MDAwMDAwMDAwMDAsImRlbGV0ZSI6NjAwMDAwMDAwMDAwLCJ1cGRhdGUiOjM2MDAwMDAwMDAwMDB9fQ==",
          "dependencies": [
            "linode_vpc.lab",
            "linode_vpc_subnet.subnet"
          ]
        },
        {
          "index_key": "node3",
          "schema_version": 0,
          "attributes": {
            "alerts": [
              {
                "cpu": 90,
                "io": 10000,
                "network_in": 10,
                "network_out": 10,
                "transfer_quota": 80
              }
            ],
            "authorized_keys": [
              "ssh-ed25519 AAAAC3NzaC1lZDI1NTE5AAAAIEG9RbwuTH4qcTayMTrQRusvubssiQSr6atOcRG1TWW9 raffi@Raffis-MBP"
            ],
            "authorized_users": null,
            "backup_id": null,
            "backups": [
              {
                "available": false,
                "enabled": false,
                "schedule": [
                  {
                    "day": "",
                    "window": ""
                  }
                ]
              }
            ],
            "backups_enabled": false,
            "boot_config_label": "My Debian 12 Disk Profile",
            "booted": true,
            "capabilities": [
              "Block Storage Encryption",
              "SMTP Enabled"
            ],
            "config": [
              {
                "comments": "",
                "devices": [
                  {
                    "sda": [
                      {
                        "disk_id": 168931863,
                        "disk_label": "Debian 12 Disk",
                        "volume_id": 0
                      }
                    ],
                    "sdb": [
                      {
                        "disk_id": 168931864,
                        "disk_label": "512 MB Swap Image",
                        "volume_id": 0
                      }
                    ],
                    "sdc": [],
                    "sdd": [],
                    "sde": [],
                    "sdf": [],
                    "sdg": [],
                    "sdh": []
                  }
                ],
                "helpers": [
                  {
                    "devtmpfs_automount": true,
                    "distro": true,
                    "modules_dep": true,
                    "network": true,
                    "updatedb_disabled": true
                  }
                ],
                "id": 92198364,
                "interface": [
                  {
                    "active": true,
                    "id": 9314939,
                    "ip_ranges": [],
                    "ipam_address": "",
                    "ipv4": [],
                    "ipv6": [],
                    "label": "",
                    "primary": true,
                    "purpose": "public",
                    "subnet_id": 0,
                    "vpc_id": 0
                  },
                  {
                    "active": true,
                    "id": 9314940,
                    "ip_ranges": [],
                    "ipam_address": "",
                    "ipv4": [
                      {
                        "nat_1_1": "",
                        "vpc": "10.0.3.10"
                      }
                    ],
                    "ipv6": [],
                    "label": "",
                    "primary": false,
                    "purpose": "vpc",
                    "subnet_id": 348506,
                    "vpc_id": 316861
                  }
                ],
                "kernel": "linode/grub2",
                "label": "My Debian 12 Disk Profile",
                "memory_limit": 0,
                "root_device": "/dev/sda",
                "run_level": "default",
                "virt_mode": "paravirt"
              }
            ],
            "disk": [
              {
                "authorized_keys": [],
                "authorized_users": [],
                "filesystem": "ext4",
                "id": 168931863,
                "image": "",
                "label": "Debian 12 Disk",
                "read_only": false,
                "root_pass": "",
                "size": 25088,
                "stackscript_data": {},
                "stackscript_id": 0
              },
              {
                "authorized_keys": [],
                "authorized_users": [],
                "filesystem": "swap",
                "id": 168931864,
                "image": "",
                "label": "512 MB Swap Image",
                "read_only": false,
                "root_pass": "",
                "size": 512,
                "stackscript_data": {},
                "stackscript_id": 0
              }
            ],
            "disk_encryption": "enabled",
            "firewall_id": null,
            "group": "",
            "has_user_data": true,
            "host_uuid": "a3fcbed8279de4699458dfd432ebb7d9fbc44d07",
            "id": "88694070",
            "image": "linode/debian12",
            "interface": [
              {
                "active": true,
                "id": 9314939,
                "ip_ranges": null,
                "ipam_address": "",
                "ipv4": [],
                "ipv6": [],
                "label": "",
                "primary": true,
                "purpose": "public",
                "subnet_id": 0,
                "vpc_id": 0
              },
              {
                "active": true,
                "id": 9314940,
                "ip_ranges": null,
                "ipam_address": "",
                "ipv4": [
                  {
                    "nat_1_1": "",
                    "vpc": "10.0.3.10"
                  }
                ],
                "ipv6": [],
                "label": "",
                "primary": false,
                "purpose": "vpc",
                "subnet_id": 348506,
                "vpc_id": 316861
              }
            ],
            "interface_generation": "",
            "ip_address": "172.236.117.24",
            "ipv4": [
              "172.236.117.24"
            ],
            "ipv6": "2600:3c06::2000:2eff:fe98:701b/128",
            "label": "node3",
            "lke_cluster_id": 0,
            "maintenance_policy": "",
            "metadata": [
              {
                "user_data": "I2Nsb3VkLWNvbmZpZwpzc2hfcHdhdXRoOiB0cnVlCgpjaHBhc3N3ZDoKICBleHBpcmU6IGZhbHNlCiAgdXNlcnM6CiAgICAtIG5hbWU6IHJvb3QKICAgICAgcGFzc3dvcmQ6IFRoZVJlYWxQYXNzd29yZFRoZVdob2xlVGltZTIwMjUhIQogICAgICB0eXBlOiB0ZXh0CgpydW5jbWQ6CiAgLSBzZWQgLWkgJ3MvXiNcP1Bhc3N3b3JkQXV0aGVudGljYXRpb24uKi9QYXNzd29yZEF1dGhlbnRpY2F0aW9uIHllcy8nIC9ldGMvc3NoL3NzaGRfY29uZmlnCiAgLSBzZWQgLWkgJ3MvXiNcP1Blcm1pdFJvb3RMb2dpbi4qL1Blcm1pdFJvb3RMb2dpbiB5ZXMvJyAvZXRjL3NzaC9zc2hkX2NvbmZpZwogIC0gc3lzdGVtY3RsIHJlc3RhcnQgc3NoCg=="
              }
            ],
            "migration_type": "cold",
            "network_helper": null,
            "placement_group": [],
            "placement_group_externally_managed": null,
            "private_ip": false,
            "private_ip_address": null,
            "region": "us-ord",
            "resize_disk": false,
            "root_pass": "r0+Pq8HFVqXZbjAMcgzkVQ+ntNWn6CArhVKGCrl0iJnJiiZL8xMutaPFFy9LZ4ANuIgYVwoLHkEnrLES7Z3COA==",
            "shared_ipv4": [],
            "specs": [
              {
                "accelerated_devices": 0,
                "disk": 25600,
                "gpus": 0,
                "memory": 1024,
                "transfer": 1000,
                "vcpus": 1
              }
            ],
            "stackscript_data": null,
            "stackscript_id": null,
            "status": "running",
            "swap_size": 512,
            "tags": [
              "lab",
              "node3",
              "terraform"
            ],
            "timeouts": null,
            "type": "g6-nanode-1",
            "watchdog_enabled": true
          },
          "sensitive_attributes": [
            [
              {
                "type": "get_attr",
                "value": "disk"
              },
              {
                "type": "index",
                "value": {
                  "value": 0,
                  "type": "number"
                }
              },
              {
                "type": "get_attr",
                "value": "root_pass"
              }
            ],
            [
              {
                "type": "get_attr",
                "value": "disk"
              },
              {
                "type": "index",
                "value": {
                  "value": 0,
                  "type": "number"
                }
              },
              {
                "type": "get_attr",
                "value": "stackscript_data"
              }
            ],
            [
              {
                "type": "get_attr",
                "value": "disk"
              },
              {
                "type": "index",
                "value": {
                  "value": 1,
                  "type": "number"
                }
              },
              {
                "type": "get_attr",
                "value": "root_pass"
              }
            ],
            [
              {
                "type": "get_attr",
                "value": "disk"
              },
              {
                "type": "index",
                "value": {
                  "value": 1,
                  "type": "number"
                }
              },
              {
                "type": "get_attr",
                "value": "stackscript_data"
              }
            ],
            [
              {
                "type": "get_attr",
                "value": "metadata"
              },
              {
                "type": "index",
                "value": {
                  "value": 0,
                  "type": "number"
                }
              },
              {
                "type": "get_attr",
                "value": "user_data"
              }
            ],
            [
              {
                "type": "get_attr",
                "value": "root_pass"
              }
            ],
            [
              {
                "type": "get_attr",
                "value": "stackscript_data"
              }
            ]
          ],
          "identity_schema_version": 0,
          "private": "eyJlMmJmYjczMC1lY2FhLTExZTYtOGY4OC0zNDM2M2JjN2M0YzAiOnsiY3JlYXRlIjo5MDAwMDAwMDAwMDAsImRlbGV0ZSI6NjAwMDAwMDAwMDAwLCJ1cGRhdGUiOjM2MDAwMDAwMDAwMDB9fQ==",
          "dependencies": [
            "linode_vpc.lab",
            "linode_vpc_subnet.subnet"
          ]
        },
        {
          "index_key": "node4",
          "schema_version": 0,
          "attributes": {
            "alerts": [
              {
                "cpu": 90,
                "io": 10000,
                "network_in": 10,
                "network_out": 10,
                "transfer_quota": 80
              }
            ],
            "authorized_keys": [
              "ssh-ed25519 AAAAC3NzaC1lZDI1NTE5AAAAIEG9RbwuTH4qcTayMTrQRusvubssiQSr6atOcRG1TWW9 raffi@Raffis-MBP"
            ],
            "authorized_users": null,
            "backup_id": null,
            "backups": [
              {
                "available": false,
                "enabled": false,
                "schedule": [
                  {
                    "day": "",
                    "window": ""
                  }
                ]
              }
            ],
            "backups_enabled": false,
            "boot_config_label": "My Debian 12 Disk Profile",
            "booted": true,
            "capabilities": [
              "Block Storage Encryption",
              "SMTP Enabled"
            ],
            "config": [
              {
                "comments": "",
                "devices": [
                  {
                    "sda": [
                      {
                        "disk_id": 168931867,
                        "disk_label": "Debian 12 Disk",
                        "volume_id": 0
                      }
                    ],
                    "sdb": [
                      {
                        "disk_id": 168931868,
                        "disk_label": "512 MB Swap Image",
                        "volume_id": 0
                      }
                    ],
                    "sdc": [],
                    "sdd": [],
                    "sde": [],
                    "sdf": [],
                    "sdg": [],
                    "sdh": []
                  }
                ],
                "helpers": [
                  {
                    "devtmpfs_automount": true,
                    "distro": true,
                    "modules_dep": true,
                    "network": true,
                    "updatedb_disabled": true
                  }
                ],
                "id": 92198366,
                "interface": [
                  {
                    "active": true,
                    "id": 9314943,
                    "ip_ranges": [],
                    "ipam_address": "",
                    "ipv4": [],
                    "ipv6": [],
                    "label": "",
                    "primary": true,
                    "purpose": "public",
                    "subnet_id": 0,
                    "vpc_id": 0
                  },
                  {
                    "active": true,
                    "id": 9314944,
                    "ip_ranges": [],
                    "ipam_address": "",
                    "ipv4": [
                      {
                        "nat_1_1": "",
                        "vpc": "10.0.4.10"
                      }
                    ],
                    "ipv6": [],
                    "label": "",
                    "primary": false,
                    "purpose": "vpc",
                    "subnet_id": 348503,
                    "vpc_id": 316861
                  }
                ],
                "kernel": "linode/grub2",
                "label": "My Debian 12 Disk Profile",
                "memory_limit": 0,
                "root_device": "/dev/sda",
                "run_level": "default",
                "virt_mode": "paravirt"
              }
            ],
            "disk": [
              {
                "authorized_keys": [],
                "authorized_users": [],
                "filesystem": "ext4",
                "id": 168931867,
                "image": "",
                "label": "Debian 12 Disk",
                "read_only": false,
                "root_pass": "",
                "size": 25088,
                "stackscript_data": {},
                "stackscript_id": 0
              },
              {
                "authorized_keys": [],
                "authorized_users": [],
                "filesystem": "swap",
                "id": 168931868,
                "image": "",
                "label": "512 MB Swap Image",
                "read_only": false,
                "root_pass": "",
                "size": 512,
                "stackscript_data": {},
                "stackscript_id": 0
              }
            ],
            "disk_encryption": "enabled",
            "firewall_id": null,
            "group": "",
            "has_user_data": true,
            "host_uuid": "1cd384081e8b5fb54ba79ec3fbc137e3766c2c22",
            "id": "88694072",
            "image": "linode/debian12",
            "interface": [
              {
                "active": true,
                "id": 9314943,
                "ip_ranges": null,
                "ipam_address": "",
                "ipv4": [],
                "ipv6": [],
                "label": "",
                "primary": true,
                "purpose": "public",
                "subnet_id": 0,
                "vpc_id": 0
              },
              {
                "active": true,
                "id": 9314944,
                "ip_ranges": null,
                "ipam_address": "",
                "ipv4": [
                  {
                    "nat_1_1": "",
                    "vpc": "10.0.4.10"
                  }
                ],
                "ipv6": [],
                "label": "",
                "primary": false,
                "purpose": "vpc",
                "subnet_id": 348503,
                "vpc_id": 316861
              }
            ],
            "interface_generation": "",
            "ip_address": "172.236.117.34",
            "ipv4": [
              "172.236.117.34"
            ],
            "ipv6": "2600:3c06::2000:baff:fea6:a8c1/128",
            "label": "node4",
            "lke_cluster_id": 0,
            "maintenance_policy": "",
            "metadata": [
              {
                "user_data": "I2Nsb3VkLWNvbmZpZwpzc2hfcHdhdXRoOiB0cnVlCgpjaHBhc3N3ZDoKICBleHBpcmU6IGZhbHNlCiAgdXNlcnM6CiAgICAtIG5hbWU6IHJvb3QKICAgICAgcGFzc3dvcmQ6IFRoZVJlYWxQYXNzd29yZFRoZVdob2xlVGltZTIwMjUhIQogICAgICB0eXBlOiB0ZXh0CgpydW5jbWQ6CiAgLSBzZWQgLWkgJ3MvXiNcP1Bhc3N3b3JkQXV0aGVudGljYXRpb24uKi9QYXNzd29yZEF1dGhlbnRpY2F0aW9uIHllcy8nIC9ldGMvc3NoL3NzaGRfY29uZmlnCiAgLSBzZWQgLWkgJ3MvXiNcP1Blcm1pdFJvb3RMb2dpbi4qL1Blcm1pdFJvb3RMb2dpbiB5ZXMvJyAvZXRjL3NzaC9zc2hkX2NvbmZpZwogIC0gc3lzdGVtY3RsIHJlc3RhcnQgc3NoCg=="
              }
            ],
            "migration_type": "cold",
            "network_helper": null,
            "placement_group": [],
            "placement_group_externally_managed": null,
            "private_ip": false,
            "private_ip_address": null,
            "region": "us-ord",
            "resize_disk": false,
            "root_pass": "r0+Pq8HFVqXZbjAMcgzkVQ+ntNWn6CArhVKGCrl0iJnJiiZL8xMutaPFFy9LZ4ANuIgYVwoLHkEnrLES7Z3COA==",
            "shared_ipv4": [],
            "specs": [
              {
                "accelerated_devices": 0,
                "disk": 25600,
                "gpus": 0,
                "memory": 1024,
                "transfer": 1000,
                "vcpus": 1
              }
            ],
            "stackscript_data": null,
            "stackscript_id": null,
            "status": "running",
            "swap_size": 512,
            "tags": [
              "lab",
              "node4",
              "terraform"
            ],
            "timeouts": null,
            "type": "g6-nanode-1",
            "watchdog_enabled": true
          },
          "sensitive_attributes": [
            [
              {
                "type": "get_attr",
                "value": "disk"
              },
              {
                "type": "index",
                "value": {
                  "value": 0,
                  "type": "number"
                }
              },
              {
                "type": "get_attr",
                "value": "root_pass"
              }
            ],
            [
              {
                "type": "get_attr",
                "value": "disk"
              },
              {
                "type": "index",
                "value": {
                  "value": 0,
                  "type": "number"
                }
              },
              {
                "type": "get_attr",
                "value": "stackscript_data"
              }
            ],
            [
              {
                "type": "get_attr",
                "value": "disk"
              },
              {
                "type": "index",
                "value": {
                  "value": 1,
                  "type": "number"
                }
              },
              {
                "type": "get_attr",
                "value": "root_pass"
              }
            ],
            [
              {
                "type": "get_attr",
                "value": "disk"
              },
              {
                "type": "index",
                "value": {
                  "value": 1,
                  "type": "number"
                }
              },
              {
                "type": "get_attr",
                "value": "stackscript_data"
              }
            ],
            [
              {
                "type": "get_attr",
                "value": "metadata"
              },
              {
                "type": "index",
                "value": {
                  "value": 0,
                  "type": "number"
                }
              },
              {
                "type": "get_attr",
                "value": "user_data"
              }
            ],
            [
              {
                "type": "get_attr",
                "value": "root_pass"
              }
            ],
            [
              {
                "type": "get_attr",
                "value": "stackscript_data"
              }
            ]
          ],
          "identity_schema_version": 0,
          "private": "eyJlMmJmYjczMC1lY2FhLTExZTYtOGY4OC0zNDM2M2JjN2M0YzAiOnsiY3JlYXRlIjo5MDAwMDAwMDAwMDAsImRlbGV0ZSI6NjAwMDAwMDAwMDAwLCJ1cGRhdGUiOjM2MDAwMDAwMDAwMDB9fQ==",
          "dependencies": [
            "linode_vpc.lab",
            "linode_vpc_subnet.subnet"
          ]
        }
      ]
    },
    {
      "mode": "managed",
      "type": "linode_vpc",
      "name": "lab",
      "provider": "provider[\"registry.terraform.io/linode/linode\"]",
      "instances": [
        {
          "schema_version": 0,
          "attributes": {
            "created": "2025-12-14T21:38:39Z",
            "description": "",
            "id": "316861",
            "ipv6": null,
            "label": "tf-lab-vpc",
            "region": "us-ord",
            "updated": "2025-12-14T21:38:39Z"
          },
          "sensitive_attributes": [],
          "identity_schema_version": 0
        }
      ]
    },
    {
      "mode": "managed",
      "type": "linode_vpc_subnet",
      "name": "subnet",
      "provider": "provider[\"registry.terraform.io/linode/linode\"]",
      "instances": [
        {
          "index_key": "node1",
          "schema_version": 0,
          "attributes": {
            "created": "2025-12-14T21:38:40Z",
            "id": "348505",
            "ipv4": "10.0.1.0/24",
            "ipv6": null,
            "label": "subnet-node1",
            "linodes": [],
            "updated": "2025-12-14T21:38:40Z",
            "vpc_id": 316861
          },
          "sensitive_attributes": [],
          "identity_schema_version": 0,
          "dependencies": [
            "linode_vpc.lab"
          ]
        },
        {
          "index_key": "node2",
          "schema_version": 0,
          "attributes": {
            "created": "2025-12-14T21:38:40Z",
            "id": "348504",
            "ipv4": "10.0.2.0/24",
            "ipv6": null,
            "label": "subnet-node2",
            "linodes": [],
            "updated": "2025-12-14T21:38:40Z",
            "vpc_id": 316861
          },
          "sensitive_attributes": [],
          "identity_schema_version": 0,
          "dependencies": [
            "linode_vpc.lab"
          ]
        },
        {
          "index_key": "node3",
          "schema_version": 0,
          "attributes": {
            "created": "2025-12-14T21:38:40Z",
            "id": "348506",
            "ipv4": "10.0.3.0/24",
            "ipv6": null,
            "label": "subnet-node3",
            "linodes": [],
            "updated": "2025-12-14T21:38:40Z",
            "vpc_id": 316861
          },
          "sensitive_attributes": [],
          "identity_schema_version": 0,
          "dependencies": [
            "linode_vpc.lab"
          ]
        },
        {
          "index_key": "node4",
          "schema_version": 0,
          "attributes": {
            "created": "2025-12-14T21:38:40Z",
            "id": "348503",
            "ipv4": "10.0.4.0/24",
            "ipv6": null,
            "label": "subnet-node4",
            "linodes": [],
            "updated": "2025-12-14T21:38:40Z",
            "vpc_id": 316861
          },
          "sensitive_attributes": [],
          "identity_schema_version": 0,
          "dependencies": [
            "linode_vpc.lab"
          ]
        }
      ]
    }
  ],
  "check_results": [
    {
      "object_kind": "resource",
      "config_addr": "linode_instance.vm",
      "status": "pass",
      "objects": [
        {
          "object_addr": "linode_instance.vm[\"node4\"]",
          "status": "pass"
        },
        {
          "object_addr": "linode_instance.vm[\"node1\"]",
          "status": "pass"
        },
        {
          "object_addr": "linode_instance.vm[\"node2\"]",
          "status": "pass"
        },
        {
          "object_addr": "linode_instance.vm[\"node3\"]",
          "status": "pass"
        }
      ]
    }
  ]
}
